// !$*UTF8*$!
{
	archiveVersion = 1;
	classes = {
	};
	objectVersion = 46;
	objects = {

/* Begin PBXBuildFile section */
		203F72251B27B7E300BD48A8 /* FBSDKCoreKit.framework in Frameworks */ = {isa = PBXBuildFile; fileRef = 203F72231B27B7E300BD48A8 /* FBSDKCoreKit.framework */; };
		203F72261B27B7E300BD48A8 /* FBSDKLoginKit.framework in Frameworks */ = {isa = PBXBuildFile; fileRef = 203F72241B27B7E300BD48A8 /* FBSDKLoginKit.framework */; };
		203F72281B27C3BE00BD48A8 /* Student.swift in Sources */ = {isa = PBXBuildFile; fileRef = 203F72271B27C3BE00BD48A8 /* Student.swift */; };
		203F722A1B27C3D600BD48A8 /* StudentAnnotation.swift in Sources */ = {isa = PBXBuildFile; fileRef = 203F72291B27C3D600BD48A8 /* StudentAnnotation.swift */; };
		203F722C1B27C3F700BD48A8 /* AllStudents.swift in Sources */ = {isa = PBXBuildFile; fileRef = 203F722B1B27C3F700BD48A8 /* AllStudents.swift */; };
		203F722E1B27C40900BD48A8 /* User.swift in Sources */ = {isa = PBXBuildFile; fileRef = 203F722D1B27C40900BD48A8 /* User.swift */; };
		203F72301B27C6F700BD48A8 /* StudentLocationsMapViewController.swift in Sources */ = {isa = PBXBuildFile; fileRef = 203F722F1B27C6F700BD48A8 /* StudentLocationsMapViewController.swift */; };
		206D4E671B227BDB00BE18B9 /* AppDelegate.swift in Sources */ = {isa = PBXBuildFile; fileRef = 206D4E661B227BDB00BE18B9 /* AppDelegate.swift */; };
		206D4E6C1B227BDB00BE18B9 /* Main.storyboard in Resources */ = {isa = PBXBuildFile; fileRef = 206D4E6A1B227BDB00BE18B9 /* Main.storyboard */; };
		206D4E6E1B227BDB00BE18B9 /* Images.xcassets in Resources */ = {isa = PBXBuildFile; fileRef = 206D4E6D1B227BDB00BE18B9 /* Images.xcassets */; };
		206D4E711B227BDB00BE18B9 /* LaunchScreen.xib in Resources */ = {isa = PBXBuildFile; fileRef = 206D4E6F1B227BDB00BE18B9 /* LaunchScreen.xib */; };
		206D4E7D1B227BDB00BE18B9 /* On_The_MapTests.swift in Sources */ = {isa = PBXBuildFile; fileRef = 206D4E7C1B227BDB00BE18B9 /* On_The_MapTests.swift */; };
		206D4E8A1B227F0700BE18B9 /* LoginViewController.swift in Sources */ = {isa = PBXBuildFile; fileRef = 206D4E891B227F0700BE18B9 /* LoginViewController.swift */; };
		206D4E8F1B22895600BE18B9 /* RoundStyleButton.swift in Sources */ = {isa = PBXBuildFile; fileRef = 206D4E8E1B22895600BE18B9 /* RoundStyleButton.swift */; };
		206D4E901B228DA000BE18B9 /* Roboto-Medium.ttf in Resources */ = {isa = PBXBuildFile; fileRef = 206D4E8B1B227FC900BE18B9 /* Roboto-Medium.ttf */; };
		206D4E911B228DA000BE18B9 /* Roboto-Regular.ttf in Resources */ = {isa = PBXBuildFile; fileRef = 206D4E8C1B227FC900BE18B9 /* Roboto-Regular.ttf */; };
		206D4E921B228DA000BE18B9 /* Roboto-Thin.ttf in Resources */ = {isa = PBXBuildFile; fileRef = 206D4E8D1B227FC900BE18B9 /* Roboto-Thin.ttf */; };
		206D4E941B22A38F00BE18B9 /* CommonAPI.swift in Sources */ = {isa = PBXBuildFile; fileRef = 206D4E931B22A38F00BE18B9 /* CommonAPI.swift */; };
		206D4E961B22A3C200BE18B9 /* UdacityClient.swift in Sources */ = {isa = PBXBuildFile; fileRef = 206D4E951B22A3C200BE18B9 /* UdacityClient.swift */; };
		206D4E981B22A3F000BE18B9 /* ParseClient.swift in Sources */ = {isa = PBXBuildFile; fileRef = 206D4E971B22A3F000BE18B9 /* ParseClient.swift */; };
		20E6969E1B26714E00877E9F /* StudentLocationsTableViewController.swift in Sources */ = {isa = PBXBuildFile; fileRef = 20E6969D1B26714E00877E9F /* StudentLocationsTableViewController.swift */; };
		20E696A01B26728500877E9F /* MapKit.framework in Frameworks */ = {isa = PBXBuildFile; fileRef = 20E6969F1B26728500877E9F /* MapKit.framework */; };
		20E696A21B26734E00877E9F /* MapAndTableNavigationController.swift in Sources */ = {isa = PBXBuildFile; fileRef = 20E696A11B26734E00877E9F /* MapAndTableNavigationController.swift */; };
		20E776781B2BD5A1008CBBAE /* InformationPostingViewController.swift in Sources */ = {isa = PBXBuildFile; fileRef = 20E776771B2BD5A1008CBBAE /* InformationPostingViewController.swift */; };
/* End PBXBuildFile section */

/* Begin PBXContainerItemProxy section */
		206D4E771B227BDB00BE18B9 /* PBXContainerItemProxy */ = {
			isa = PBXContainerItemProxy;
			containerPortal = 206D4E591B227BDA00BE18B9 /* Project object */;
			proxyType = 1;
			remoteGlobalIDString = 206D4E601B227BDB00BE18B9;
			remoteInfo = "On The Map";
		};
/* End PBXContainerItemProxy section */

/* Begin PBXFileReference section */
		203F72231B27B7E300BD48A8 /* FBSDKCoreKit.framework */ = {isa = PBXFileReference; lastKnownFileType = wrapper.framework; path = FBSDKCoreKit.framework; sourceTree = "<group>"; };
		203F72241B27B7E300BD48A8 /* FBSDKLoginKit.framework */ = {isa = PBXFileReference; lastKnownFileType = wrapper.framework; path = FBSDKLoginKit.framework; sourceTree = "<group>"; };
		203F72271B27C3BE00BD48A8 /* Student.swift */ = {isa = PBXFileReference; fileEncoding = 4; lastKnownFileType = sourcecode.swift; name = Student.swift; path = Models/Student.swift; sourceTree = "<group>"; };
		203F72291B27C3D600BD48A8 /* StudentAnnotation.swift */ = {isa = PBXFileReference; fileEncoding = 4; lastKnownFileType = sourcecode.swift; name = StudentAnnotation.swift; path = Models/StudentAnnotation.swift; sourceTree = "<group>"; };
		203F722B1B27C3F700BD48A8 /* AllStudents.swift */ = {isa = PBXFileReference; fileEncoding = 4; lastKnownFileType = sourcecode.swift; name = AllStudents.swift; path = Models/AllStudents.swift; sourceTree = "<group>"; };
		203F722D1B27C40900BD48A8 /* User.swift */ = {isa = PBXFileReference; fileEncoding = 4; lastKnownFileType = sourcecode.swift; name = User.swift; path = Models/User.swift; sourceTree = "<group>"; };
		203F722F1B27C6F700BD48A8 /* StudentLocationsMapViewController.swift */ = {isa = PBXFileReference; fileEncoding = 4; lastKnownFileType = sourcecode.swift; name = StudentLocationsMapViewController.swift; path = Controllers/StudentLocationsMapViewController.swift; sourceTree = "<group>"; };
		206D4E611B227BDB00BE18B9 /* On The Map.app */ = {isa = PBXFileReference; explicitFileType = wrapper.application; includeInIndex = 0; path = "On The Map.app"; sourceTree = BUILT_PRODUCTS_DIR; };
		206D4E651B227BDB00BE18B9 /* Info.plist */ = {isa = PBXFileReference; lastKnownFileType = text.plist.xml; path = Info.plist; sourceTree = "<group>"; };
		206D4E661B227BDB00BE18B9 /* AppDelegate.swift */ = {isa = PBXFileReference; lastKnownFileType = sourcecode.swift; path = AppDelegate.swift; sourceTree = "<group>"; };
		206D4E6B1B227BDB00BE18B9 /* Base */ = {isa = PBXFileReference; lastKnownFileType = file.storyboard; name = Base; path = Base.lproj/Main.storyboard; sourceTree = "<group>"; };
		206D4E6D1B227BDB00BE18B9 /* Images.xcassets */ = {isa = PBXFileReference; lastKnownFileType = folder.assetcatalog; path = Images.xcassets; sourceTree = "<group>"; };
		206D4E701B227BDB00BE18B9 /* Base */ = {isa = PBXFileReference; lastKnownFileType = file.xib; name = Base; path = Base.lproj/LaunchScreen.xib; sourceTree = "<group>"; };
		206D4E761B227BDB00BE18B9 /* On The MapTests.xctest */ = {isa = PBXFileReference; explicitFileType = wrapper.cfbundle; includeInIndex = 0; path = "On The MapTests.xctest"; sourceTree = BUILT_PRODUCTS_DIR; };
		206D4E7B1B227BDB00BE18B9 /* Info.plist */ = {isa = PBXFileReference; lastKnownFileType = text.plist.xml; path = Info.plist; sourceTree = "<group>"; };
		206D4E7C1B227BDB00BE18B9 /* On_The_MapTests.swift */ = {isa = PBXFileReference; lastKnownFileType = sourcecode.swift; path = On_The_MapTests.swift; sourceTree = "<group>"; };
		206D4E891B227F0700BE18B9 /* LoginViewController.swift */ = {isa = PBXFileReference; fileEncoding = 4; lastKnownFileType = sourcecode.swift; name = LoginViewController.swift; path = Controllers/LoginViewController.swift; sourceTree = "<group>"; };
		206D4E8B1B227FC900BE18B9 /* Roboto-Medium.ttf */ = {isa = PBXFileReference; lastKnownFileType = file; path = "Roboto-Medium.ttf"; sourceTree = "<group>"; };
		206D4E8C1B227FC900BE18B9 /* Roboto-Regular.ttf */ = {isa = PBXFileReference; lastKnownFileType = file; path = "Roboto-Regular.ttf"; sourceTree = "<group>"; };
		206D4E8D1B227FC900BE18B9 /* Roboto-Thin.ttf */ = {isa = PBXFileReference; lastKnownFileType = file; path = "Roboto-Thin.ttf"; sourceTree = "<group>"; };
		206D4E8E1B22895600BE18B9 /* RoundStyleButton.swift */ = {isa = PBXFileReference; fileEncoding = 4; lastKnownFileType = sourcecode.swift; name = RoundStyleButton.swift; path = Views/RoundStyleButton.swift; sourceTree = "<group>"; };
		206D4E931B22A38F00BE18B9 /* CommonAPI.swift */ = {isa = PBXFileReference; fileEncoding = 4; lastKnownFileType = sourcecode.swift; name = CommonAPI.swift; path = Models/CommonAPI.swift; sourceTree = "<group>"; };
		206D4E951B22A3C200BE18B9 /* UdacityClient.swift */ = {isa = PBXFileReference; fileEncoding = 4; lastKnownFileType = sourcecode.swift; name = UdacityClient.swift; path = Models/UdacityClient.swift; sourceTree = "<group>"; };
		206D4E971B22A3F000BE18B9 /* ParseClient.swift */ = {isa = PBXFileReference; fileEncoding = 4; lastKnownFileType = sourcecode.swift; name = ParseClient.swift; path = Models/ParseClient.swift; sourceTree = "<group>"; };
		20E6969D1B26714E00877E9F /* StudentLocationsTableViewController.swift */ = {isa = PBXFileReference; fileEncoding = 4; lastKnownFileType = sourcecode.swift; name = StudentLocationsTableViewController.swift; path = Controllers/StudentLocationsTableViewController.swift; sourceTree = "<group>"; };
		20E6969F1B26728500877E9F /* MapKit.framework */ = {isa = PBXFileReference; lastKnownFileType = wrapper.framework; name = MapKit.framework; path = System/Library/Frameworks/MapKit.framework; sourceTree = SDKROOT; };
		20E696A11B26734E00877E9F /* MapAndTableNavigationController.swift */ = {isa = PBXFileReference; fileEncoding = 4; lastKnownFileType = sourcecode.swift; name = MapAndTableNavigationController.swift; path = Controllers/MapAndTableNavigationController.swift; sourceTree = "<group>"; };
		20E776771B2BD5A1008CBBAE /* InformationPostingViewController.swift */ = {isa = PBXFileReference; fileEncoding = 4; lastKnownFileType = sourcecode.swift; name = InformationPostingViewController.swift; path = Controllers/InformationPostingViewController.swift; sourceTree = "<group>"; };
/* End PBXFileReference section */

/* Begin PBXFrameworksBuildPhase section */
		206D4E5E1B227BDB00BE18B9 /* Frameworks */ = {
			isa = PBXFrameworksBuildPhase;
			buildActionMask = 2147483647;
			files = (
				20E696A01B26728500877E9F /* MapKit.framework in Frameworks */,
				203F72251B27B7E300BD48A8 /* FBSDKCoreKit.framework in Frameworks */,
				203F72261B27B7E300BD48A8 /* FBSDKLoginKit.framework in Frameworks */,
			);
			runOnlyForDeploymentPostprocessing = 0;
		};
		206D4E731B227BDB00BE18B9 /* Frameworks */ = {
			isa = PBXFrameworksBuildPhase;
			buildActionMask = 2147483647;
			files = (
			);
			runOnlyForDeploymentPostprocessing = 0;
		};
/* End PBXFrameworksBuildPhase section */

/* Begin PBXGroup section */
		206D4E581B227BDA00BE18B9 = {
			isa = PBXGroup;
			children = (
				20E6969F1B26728500877E9F /* MapKit.framework */,
				206D4E631B227BDB00BE18B9 /* On The Map */,
				206D4E791B227BDB00BE18B9 /* On The MapTests */,
				206D4E621B227BDB00BE18B9 /* Products */,
			);
			sourceTree = "<group>";
		};
		206D4E621B227BDB00BE18B9 /* Products */ = {
			isa = PBXGroup;
			children = (
				206D4E611B227BDB00BE18B9 /* On The Map.app */,
				206D4E761B227BDB00BE18B9 /* On The MapTests.xctest */,
			);
			name = Products;
			sourceTree = "<group>";
		};
		206D4E631B227BDB00BE18B9 /* On The Map */ = {
			isa = PBXGroup;
			children = (
				206D4E861B227EAD00BE18B9 /* Models */,
				206D4E871B227EB500BE18B9 /* Views */,
				206D4E881B227EBB00BE18B9 /* Controllers */,
				206D4E661B227BDB00BE18B9 /* AppDelegate.swift */,
				206D4E6A1B227BDB00BE18B9 /* Main.storyboard */,
				206D4E6D1B227BDB00BE18B9 /* Images.xcassets */,
				206D4E6F1B227BDB00BE18B9 /* LaunchScreen.xib */,
				206D4E641B227BDB00BE18B9 /* Supporting Files */,
				20E696941B2662B200877E9F /* Frameworks */,
			);
			path = "On The Map";
			sourceTree = "<group>";
		};
		206D4E641B227BDB00BE18B9 /* Supporting Files */ = {
			isa = PBXGroup;
			children = (
				206D4E8B1B227FC900BE18B9 /* Roboto-Medium.ttf */,
				206D4E8C1B227FC900BE18B9 /* Roboto-Regular.ttf */,
				206D4E8D1B227FC900BE18B9 /* Roboto-Thin.ttf */,
				206D4E651B227BDB00BE18B9 /* Info.plist */,
			);
			name = "Supporting Files";
			sourceTree = "<group>";
		};
		206D4E791B227BDB00BE18B9 /* On The MapTests */ = {
			isa = PBXGroup;
			children = (
				206D4E7C1B227BDB00BE18B9 /* On_The_MapTests.swift */,
				206D4E7A1B227BDB00BE18B9 /* Supporting Files */,
			);
			path = "On The MapTests";
			sourceTree = "<group>";
		};
		206D4E7A1B227BDB00BE18B9 /* Supporting Files */ = {
			isa = PBXGroup;
			children = (
				206D4E7B1B227BDB00BE18B9 /* Info.plist */,
			);
			name = "Supporting Files";
			sourceTree = "<group>";
		};
		206D4E861B227EAD00BE18B9 /* Models */ = {
			isa = PBXGroup;
			children = (
				206D4E931B22A38F00BE18B9 /* CommonAPI.swift */,
				206D4E951B22A3C200BE18B9 /* UdacityClient.swift */,
				206D4E971B22A3F000BE18B9 /* ParseClient.swift */,
				203F72271B27C3BE00BD48A8 /* Student.swift */,
				203F72291B27C3D600BD48A8 /* StudentAnnotation.swift */,
				203F722B1B27C3F700BD48A8 /* AllStudents.swift */,
				203F722D1B27C40900BD48A8 /* User.swift */,
			);
			name = Models;
			sourceTree = "<group>";
		};
		206D4E871B227EB500BE18B9 /* Views */ = {
			isa = PBXGroup;
			children = (
				206D4E8E1B22895600BE18B9 /* RoundStyleButton.swift */,
			);
			name = Views;
			sourceTree = "<group>";
		};
		206D4E881B227EBB00BE18B9 /* Controllers */ = {
			isa = PBXGroup;
			children = (
				206D4E891B227F0700BE18B9 /* LoginViewController.swift */,
				20E696A11B26734E00877E9F /* MapAndTableNavigationController.swift */,
				20E6969D1B26714E00877E9F /* StudentLocationsTableViewController.swift */,
				203F722F1B27C6F700BD48A8 /* StudentLocationsMapViewController.swift */,
				20E776771B2BD5A1008CBBAE /* InformationPostingViewController.swift */,
			);
			name = Controllers;
			sourceTree = "<group>";
		};
		20E696941B2662B200877E9F /* Frameworks */ = {
			isa = PBXGroup;
			children = (
				203F72231B27B7E300BD48A8 /* FBSDKCoreKit.framework */,
				203F72241B27B7E300BD48A8 /* FBSDKLoginKit.framework */,
			);
			name = Frameworks;
			sourceTree = "<group>";
		};
/* End PBXGroup section */

/* Begin PBXNativeTarget section */
		206D4E601B227BDB00BE18B9 /* On The Map */ = {
			isa = PBXNativeTarget;
			buildConfigurationList = 206D4E801B227BDB00BE18B9 /* Build configuration list for PBXNativeTarget "On The Map" */;
			buildPhases = (
				206D4E5D1B227BDB00BE18B9 /* Sources */,
				206D4E5E1B227BDB00BE18B9 /* Frameworks */,
				206D4E5F1B227BDB00BE18B9 /* Resources */,
			);
			buildRules = (
			);
			dependencies = (
			);
			name = "On The Map";
			productName = "On The Map";
			productReference = 206D4E611B227BDB00BE18B9 /* On The Map.app */;
			productType = "com.apple.product-type.application";
		};
		206D4E751B227BDB00BE18B9 /* On The MapTests */ = {
			isa = PBXNativeTarget;
			buildConfigurationList = 206D4E831B227BDB00BE18B9 /* Build configuration list for PBXNativeTarget "On The MapTests" */;
			buildPhases = (
				206D4E721B227BDB00BE18B9 /* Sources */,
				206D4E731B227BDB00BE18B9 /* Frameworks */,
				206D4E741B227BDB00BE18B9 /* Resources */,
			);
			buildRules = (
			);
			dependencies = (
				206D4E781B227BDB00BE18B9 /* PBXTargetDependency */,
			);
			name = "On The MapTests";
			productName = "On The MapTests";
			productReference = 206D4E761B227BDB00BE18B9 /* On The MapTests.xctest */;
			productType = "com.apple.product-type.bundle.unit-test";
		};
/* End PBXNativeTarget section */

/* Begin PBXProject section */
		206D4E591B227BDA00BE18B9 /* Project object */ = {
			isa = PBXProject;
			attributes = {
				LastUpgradeCheck = 0630;
				ORGANIZATIONNAME = "Object Coder";
				TargetAttributes = {
					206D4E601B227BDB00BE18B9 = {
						CreatedOnToolsVersion = 6.3.2;
						SystemCapabilities = {
							com.apple.Maps.iOS = {
								enabled = 1;
							};
						};
					};
					206D4E751B227BDB00BE18B9 = {
						CreatedOnToolsVersion = 6.3.2;
						TestTargetID = 206D4E601B227BDB00BE18B9;
					};
				};
			};
			buildConfigurationList = 206D4E5C1B227BDA00BE18B9 /* Build configuration list for PBXProject "On The Map" */;
			compatibilityVersion = "Xcode 3.2";
			developmentRegion = English;
			hasScannedForEncodings = 0;
			knownRegions = (
				en,
				Base,
			);
			mainGroup = 206D4E581B227BDA00BE18B9;
			productRefGroup = 206D4E621B227BDB00BE18B9 /* Products */;
			projectDirPath = "";
			projectRoot = "";
			targets = (
				206D4E601B227BDB00BE18B9 /* On The Map */,
				206D4E751B227BDB00BE18B9 /* On The MapTests */,
			);
		};
/* End PBXProject section */

/* Begin PBXResourcesBuildPhase section */
		206D4E5F1B227BDB00BE18B9 /* Resources */ = {
			isa = PBXResourcesBuildPhase;
			buildActionMask = 2147483647;
			files = (
				206D4E901B228DA000BE18B9 /* Roboto-Medium.ttf in Resources */,
				206D4E911B228DA000BE18B9 /* Roboto-Regular.ttf in Resources */,
				206D4E921B228DA000BE18B9 /* Roboto-Thin.ttf in Resources */,
				206D4E6C1B227BDB00BE18B9 /* Main.storyboard in Resources */,
				206D4E711B227BDB00BE18B9 /* LaunchScreen.xib in Resources */,
				206D4E6E1B227BDB00BE18B9 /* Images.xcassets in Resources */,
			);
			runOnlyForDeploymentPostprocessing = 0;
		};
		206D4E741B227BDB00BE18B9 /* Resources */ = {
			isa = PBXResourcesBuildPhase;
			buildActionMask = 2147483647;
			files = (
			);
			runOnlyForDeploymentPostprocessing = 0;
		};
/* End PBXResourcesBuildPhase section */

/* Begin PBXSourcesBuildPhase section */
		206D4E5D1B227BDB00BE18B9 /* Sources */ = {
			isa = PBXSourcesBuildPhase;
			buildActionMask = 2147483647;
			files = (
				203F72301B27C6F700BD48A8 /* StudentLocationsMapViewController.swift in Sources */,
				203F722E1B27C40900BD48A8 /* User.swift in Sources */,
				206D4E8A1B227F0700BE18B9 /* LoginViewController.swift in Sources */,
				203F722A1B27C3D600BD48A8 /* StudentAnnotation.swift in Sources */,
				203F722C1B27C3F700BD48A8 /* AllStudents.swift in Sources */,
				20E776781B2BD5A1008CBBAE /* InformationPostingViewController.swift in Sources */,
				206D4E981B22A3F000BE18B9 /* ParseClient.swift in Sources */,
				203F72281B27C3BE00BD48A8 /* Student.swift in Sources */,
				206D4E961B22A3C200BE18B9 /* UdacityClient.swift in Sources */,
				206D4E941B22A38F00BE18B9 /* CommonAPI.swift in Sources */,
				20E696A21B26734E00877E9F /* MapAndTableNavigationController.swift in Sources */,
				206D4E8F1B22895600BE18B9 /* RoundStyleButton.swift in Sources */,
				20E6969E1B26714E00877E9F /* StudentLocationsTableViewController.swift in Sources */,
				206D4E671B227BDB00BE18B9 /* AppDelegate.swift in Sources */,
			);
			runOnlyForDeploymentPostprocessing = 0;
		};
		206D4E721B227BDB00BE18B9 /* Sources */ = {
			isa = PBXSourcesBuildPhase;
			buildActionMask = 2147483647;
			files = (
				206D4E7D1B227BDB00BE18B9 /* On_The_MapTests.swift in Sources */,
			);
			runOnlyForDeploymentPostprocessing = 0;
		};
/* End PBXSourcesBuildPhase section */

/* Begin PBXTargetDependency section */
		206D4E781B227BDB00BE18B9 /* PBXTargetDependency */ = {
			isa = PBXTargetDependency;
			target = 206D4E601B227BDB00BE18B9 /* On The Map */;
			targetProxy = 206D4E771B227BDB00BE18B9 /* PBXContainerItemProxy */;
		};
/* End PBXTargetDependency section */

/* Begin PBXVariantGroup section */
		206D4E6A1B227BDB00BE18B9 /* Main.storyboard */ = {
			isa = PBXVariantGroup;
			children = (
				206D4E6B1B227BDB00BE18B9 /* Base */,
			);
			name = Main.storyboard;
			sourceTree = "<group>";
		};
		206D4E6F1B227BDB00BE18B9 /* LaunchScreen.xib */ = {
			isa = PBXVariantGroup;
			children = (
				206D4E701B227BDB00BE18B9 /* Base */,
			);
			name = LaunchScreen.xib;
			sourceTree = "<group>";
		};
/* End PBXVariantGroup section */

/* Begin XCBuildConfiguration section */
		206D4E7E1B227BDB00BE18B9 /* Debug */ = {
			isa = XCBuildConfiguration;
			buildSettings = {
				ALWAYS_SEARCH_USER_PATHS = NO;
				CLANG_CXX_LANGUAGE_STANDARD = "gnu++0x";
				CLANG_CXX_LIBRARY = "libc++";
				CLANG_ENABLE_MODULES = YES;
				CLANG_ENABLE_OBJC_ARC = YES;
				CLANG_WARN_BOOL_CONVERSION = YES;
				CLANG_WARN_CONSTANT_CONVERSION = YES;
				CLANG_WARN_DIRECT_OBJC_ISA_USAGE = YES_ERROR;
				CLANG_WARN_EMPTY_BODY = YES;
				CLANG_WARN_ENUM_CONVERSION = YES;
				CLANG_WARN_INT_CONVERSION = YES;
				CLANG_WARN_OBJC_ROOT_CLASS = YES_ERROR;
				CLANG_WARN_UNREACHABLE_CODE = YES;
				CLANG_WARN__DUPLICATE_METHOD_MATCH = YES;
				"CODE_SIGN_IDENTITY[sdk=iphoneos*]" = "iPhone Developer";
				COPY_PHASE_STRIP = NO;
				DEBUG_INFORMATION_FORMAT = "dwarf-with-dsym";
				ENABLE_STRICT_OBJC_MSGSEND = YES;
				GCC_C_LANGUAGE_STANDARD = gnu99;
				GCC_DYNAMIC_NO_PIC = NO;
				GCC_NO_COMMON_BLOCKS = YES;
				GCC_OPTIMIZATION_LEVEL = 0;
				GCC_PREPROCESSOR_DEFINITIONS = (
					"DEBUG=1",
					"$(inherited)",
				);
				GCC_SYMBOLS_PRIVATE_EXTERN = NO;
				GCC_WARN_64_TO_32_BIT_CONVERSION = YES;
				GCC_WARN_ABOUT_RETURN_TYPE = YES_ERROR;
				GCC_WARN_UNDECLARED_SELECTOR = YES;
				GCC_WARN_UNINITIALIZED_AUTOS = YES_AGGRESSIVE;
				GCC_WARN_UNUSED_FUNCTION = YES;
				GCC_WARN_UNUSED_VARIABLE = YES;
				IPHONEOS_DEPLOYMENT_TARGET = 8.3;
				MTL_ENABLE_DEBUG_INFO = YES;
				ONLY_ACTIVE_ARCH = YES;
				SDKROOT = iphoneos;
				SWIFT_OPTIMIZATION_LEVEL = "-Onone";
				TARGETED_DEVICE_FAMILY = "1,2";
			};
			name = Debug;
		};
		206D4E7F1B227BDB00BE18B9 /* Release */ = {
			isa = XCBuildConfiguration;
			buildSettings = {
				ALWAYS_SEARCH_USER_PATHS = NO;
				CLANG_CXX_LANGUAGE_STANDARD = "gnu++0x";
				CLANG_CXX_LIBRARY = "libc++";
				CLANG_ENABLE_MODULES = YES;
				CLANG_ENABLE_OBJC_ARC = YES;
				CLANG_WARN_BOOL_CONVERSION = YES;
				CLANG_WARN_CONSTANT_CONVERSION = YES;
				CLANG_WARN_DIRECT_OBJC_ISA_USAGE = YES_ERROR;
				CLANG_WARN_EMPTY_BODY = YES;
				CLANG_WARN_ENUM_CONVERSION = YES;
				CLANG_WARN_INT_CONVERSION = YES;
				CLANG_WARN_OBJC_ROOT_CLASS = YES_ERROR;
				CLANG_WARN_UNREACHABLE_CODE = YES;
				CLANG_WARN__DUPLICATE_METHOD_MATCH = YES;
				"CODE_SIGN_IDENTITY[sdk=iphoneos*]" = "iPhone Developer";
				COPY_PHASE_STRIP = NO;
				DEBUG_INFORMATION_FORMAT = "dwarf-with-dsym";
				ENABLE_NS_ASSERTIONS = NO;
				ENABLE_STRICT_OBJC_MSGSEND = YES;
				GCC_C_LANGUAGE_STANDARD = gnu99;
				GCC_NO_COMMON_BLOCKS = YES;
				GCC_WARN_64_TO_32_BIT_CONVERSION = YES;
				GCC_WARN_ABOUT_RETURN_TYPE = YES_ERROR;
				GCC_WARN_UNDECLARED_SELECTOR = YES;
				GCC_WARN_UNINITIALIZED_AUTOS = YES_AGGRESSIVE;
				GCC_WARN_UNUSED_FUNCTION = YES;
				GCC_WARN_UNUSED_VARIABLE = YES;
				IPHONEOS_DEPLOYMENT_TARGET = 8.3;
				MTL_ENABLE_DEBUG_INFO = NO;
				SDKROOT = iphoneos;
				TARGETED_DEVICE_FAMILY = "1,2";
				VALIDATE_PRODUCT = YES;
			};
			name = Release;
		};
		206D4E811B227BDB00BE18B9 /* Debug */ = {
			isa = XCBuildConfiguration;
			buildSettings = {
				ASSETCATALOG_COMPILER_APPICON_NAME = AppIcon;
				FRAMEWORK_SEARCH_PATHS = "\"$(inherited)$(PROJECT_DIR)/On The Map\"";
				INFOPLIST_FILE = "On The Map/Info.plist";
				LD_RUNPATH_SEARCH_PATHS = "$(inherited) @executable_path/Frameworks";
				PRODUCT_NAME = "$(TARGET_NAME)";
			};
			name = Debug;
		};
		206D4E821B227BDB00BE18B9 /* Release */ = {
			isa = XCBuildConfiguration;
			buildSettings = {
				ASSETCATALOG_COMPILER_APPICON_NAME = AppIcon;
				FRAMEWORK_SEARCH_PATHS = "\"$(inherited)$(PROJECT_DIR)/On The Map\"";
				INFOPLIST_FILE = "On The Map/Info.plist";
				LD_RUNPATH_SEARCH_PATHS = "$(inherited) @executable_path/Frameworks";
				PRODUCT_NAME = "$(TARGET_NAME)";
			};
			name = Release;
		};
		206D4E841B227BDB00BE18B9 /* Debug */ = {
			isa = XCBuildConfiguration;
			buildSettings = {
				BUNDLE_LOADER = "$(TEST_HOST)";
				FRAMEWORK_SEARCH_PATHS = (
					"$(SDKROOT)/Developer/Library/Frameworks",
					"$(inherited)",
				);
				GCC_PREPROCESSOR_DEFINITIONS = (
					"DEBUG=1",
					"$(inherited)",
				);
				INFOPLIST_FILE = "On The MapTests/Info.plist";
				LD_RUNPATH_SEARCH_PATHS = "$(inherited) @executable_path/Frameworks @loader_path/Frameworks";
				PRODUCT_NAME = "$(TARGET_NAME)";
				TEST_HOST = "$(BUILT_PRODUCTS_DIR)/On The Map.app/On The Map";
			};
			name = Debug;
		};
		206D4E851B227BDB00BE18B9 /* Release */ = {
			isa = XCBuildConfiguration;
			buildSettings = {
				BUNDLE_LOADER = "$(TEST_HOST)";
				FRAMEWORK_SEARCH_PATHS = (
					"$(SDKROOT)/Developer/Library/Frameworks",
					"$(inherited)",
				);
				INFOPLIST_FILE = "On The MapTests/Info.plist";
				LD_RUNPATH_SEARCH_PATHS = "$(inherited) @executable_path/Frameworks @loader_path/Frameworks";
				PRODUCT_NAME = "$(TARGET_NAME)";
				TEST_HOST = "$(BUILT_PRODUCTS_DIR)/On The Map.app/On The Map";
			};
			name = Release;
		};
/* End XCBuildConfiguration section */

/* Begin XCConfigurationList section */
		206D4E5C1B227BDA00BE18B9 /* Build configuration list for PBXProject "On The Map" */ = {
			isa = XCConfigurationList;
			buildConfigurations = (
				206D4E7E1B227BDB00BE18B9 /* Debug */,
				206D4E7F1B227BDB00BE18B9 /* Release */,
			);
			defaultConfigurationIsVisible = 0;
			defaultConfigurationName = Release;
		};
		206D4E801B227BDB00BE18B9 /* Build configuration list for PBXNativeTarget "On The Map" */ = {
			isa = XCConfigurationList;
			buildConfigurations = (
				206D4E811B227BDB00BE18B9 /* Debug */,
				206D4E821B227BDB00BE18B9 /* Release */,
			);
			defaultConfigurationIsVisible = 0;
			defaultConfigurationName = Release;
		};
		206D4E831B227BDB00BE18B9 /* Build configuration list for PBXNativeTarget "On The MapTests" */ = {
			isa = XCConfigurationList;
			buildConfigurations = (
				206D4E841B227BDB00BE18B9 /* Debug */,
				206D4E851B227BDB00BE18B9 /* Release */,
			);
			defaultConfigurationIsVisible = 0;
			defaultConfigurationName = Release;
		};
/* End XCConfigurationList section */
	};
	rootObject = 206D4E591B227BDA00BE18B9 /* Project object */;
}
